
Microsoft Visual Studio Solution File, Format Version 12.00
# Visual Studio Version 17
VisualStudioVersion = 17.9.34728.123
MinimumVisualStudioVersion = 10.0.40219.1
Project("{FAE04EC0-301F-11D3-BF4B-00C04F79EFBC}") = "SerialDevicePlugin", "SerialDevicePlugin\SerialDevicePlugin.csproj", "{641A8065-E801-4F75-8DDA-5B14404CB44B}"
EndProject
Global
	GlobalSection(SolutionConfigurationPlatforms) = preSolution
		Debug|Any CPU = Debug|Any CPU
		Release|Any CPU = Release|Any CPU
	EndGlobalSection
	GlobalSection(ProjectConfigurationPlatforms) = postSolution
		{641A8065-E801-4F75-8DDA-5B14404CB44B}.Debug|Any CPU.ActiveCfg = Debug|Any CPU
		{641A8065-E801-4F75-8DDA-5B14404CB44B}.Debug|Any CPU.Build.0 = Debug|Any CPU
		{641A8065-E801-4F75-8DDA-5B14404CB44B}.Release|Any CPU.ActiveCfg = Release|Any CPU
		{641A8065-E801-4F75-8DDA-5B14404CB44B}.Release|Any CPU.Build.0 = Release|Any CPU
	EndGlobalSection
	GlobalSection(SolutionProperties) = preSolution
		HideSolutionNode = FALSE
	EndGlobalSection
	GlobalSection(ExtensibilityGlobals) = postSolution
		SolutionGuid = {716FAFFC-4EA8-4973-AB69-A92270CCBA1D}
	EndGlobalSection
EndGlobal
